
Microsoft Visual Studio Solution File, Format Version 12.00
# Visual Studio Version 17
VisualStudioVersion = 17.11.35327.3
MinimumVisualStudioVersion = 10.0.40219.1
Project("{FAE04EC0-301F-11D3-BF4B-00C04F79EFBC}") = "ComboBoxExercise", "ComboBoxExercise.csproj", "{295105D8-4344-4BCE-85AF-DC4EE2B8CFAB}"
EndProject
Global
	GlobalSection(SolutionConfigurationPlatforms) = preSolution
		Debug|Any CPU = Debug|Any CPU
		Release|Any CPU = Release|Any CPU
	EndGlobalSection
	GlobalSection(ProjectConfigurationPlatforms) = postSolution
		{295105D8-4344-4BCE-85AF-DC4EE2B8CFAB}.Debug|Any CPU.ActiveCfg = Debug|Any CPU
		{295105D8-4344-4BCE-85AF-DC4EE2B8CFAB}.Debug|Any CPU.Build.0 = Debug|Any CPU
		{295105D8-4344-4BCE-85AF-DC4EE2B8CFAB}.Release|Any CPU.ActiveCfg = Release|Any CPU
		{295105D8-4344-4BCE-85AF-DC4EE2B8CFAB}.Release|Any CPU.Build.0 = Release|Any CPU
	EndGlobalSection
	GlobalSection(SolutionProperties) = preSolution
		HideSolutionNode = FALSE
	EndGlobalSection
	GlobalSection(ExtensibilityGlobals) = postSolution
		SolutionGuid = {C7D4C445-736A-477C-8599-ED79285871F7}
	EndGlobalSection
EndGlobal
